uuid: 7111822e-6ea9-4f3e-8236-1c0cb5d93189
langcode: fr
status: true
dependencies:
  config:
    - contact.form.feedback
  module:
    - contact_block
    - system
  theme:
    - gastro
id: contactblock
theme: gastro
region: content
weight: -2
provider: null
plugin: contact_block
settings:
  id: contact_block
  label: Contact
  label_display: visible
  provider: contact_block
  contact_form: feedback
  form_display: default
visibility:
  request_path:
    id: request_path
    negate: false
    pages: /node/24
